
Microsoft Visual Studio Solution File, Format Version 12.00
# Visual Studio 15
VisualStudioVersion = 15.0.27703.2035
MinimumVisualStudioVersion = 10.0.40219.1
Project("{FAE04EC0-301F-11D3-BF4B-00C04F79EFBC}") = "StepToFoodServer", "StepToFoodServer\StepToFoodServer.csproj", "{BC497235-20BC-40CE-B104-386F2AD60272}"
EndProject
Global
	GlobalSection(SolutionConfigurationPlatforms) = preSolution
		Debug|Any CPU = Debug|Any CPU
		Release|Any CPU = Release|Any CPU
	EndGlobalSection
	GlobalSection(ProjectConfigurationPlatforms) = postSolution
		{BC497235-20BC-40CE-B104-386F2AD60272}.Debug|Any CPU.ActiveCfg = Debug|Any CPU
		{BC497235-20BC-40CE-B104-386F2AD60272}.Debug|Any CPU.Build.0 = Debug|Any CPU
		{BC497235-20BC-40CE-B104-386F2AD60272}.Release|Any CPU.ActiveCfg = Release|Any CPU
		{BC497235-20BC-40CE-B104-386F2AD60272}.Release|Any CPU.Build.0 = Release|Any CPU
	EndGlobalSection
	GlobalSection(SolutionProperties) = preSolution
		HideSolutionNode = FALSE
	EndGlobalSection
	GlobalSection(ExtensibilityGlobals) = postSolution
		SolutionGuid = {85D25FC0-98D3-4038-8E48-C6AAFBAA3348}
	EndGlobalSection
EndGlobal
